PODS:
  - Permission/Core (2.0.3)
  - Permission/Location (2.0.3):
    - Permission/Core
  - RxPermission/Core (1.0.0):
    - Permission/Core
    - RxSwift
  - RxPermission/Location (1.0.0):
    - Permission/Location
    - RxPermission/Core
  - RxSwift (3.1.0)

DEPENDENCIES:
  - RxPermission/Location (from `../`)

EXTERNAL SOURCES:
  RxPermission:
    :path: "../"

SPEC CHECKSUMS:
  Permission: ef50195e97672de1946f98da7fd71fbfbcf9c23f
  RxPermission: e0cc69f4255b0e1c333a5da8d53cdb62cda8c9f3
  RxSwift: 83ff553e7593fdfdcb2562933a64c0284dffdadc

PODFILE CHECKSUM: 0866b303d616d0f589243606a355243292262a92

COCOAPODS: 1.0.1
